// !$*UTF8*$!
{
	archiveVersion = 1;
	classes = {
	};
	objectVersion = 55;
	objects = {

/* Begin PBXBuildFile section */
		B5231A5F27E715DA0098618A /* Cards.swift in Sources */ = {isa = PBXBuildFile; fileRef = B5231A5E27E715DA0098618A /* Cards.swift */; };
		B5231A6327E71EFB0098618A /* CardDeck.swift in Sources */ = {isa = PBXBuildFile; fileRef = B5231A6227E71EFB0098618A /* CardDeck.swift */; };
		B5231A8D27EE2ACE0098618A /* PlayingCardsViewButton.swift in Sources */ = {isa = PBXBuildFile; fileRef = B5231A8C27EE2ACE0098618A /* PlayingCardsViewButton.swift */; };
		B56A3D4F27F0EBB700AC6B4C /* GameSet.swift in Sources */ = {isa = PBXBuildFile; fileRef = B56A3D4E27F0EBB700AC6B4C /* GameSet.swift */; };
		B5A44F1F27E6521700604026 /* AppDelegate.swift in Sources */ = {isa = PBXBuildFile; fileRef = B5A44F1E27E6521700604026 /* AppDelegate.swift */; };
		B5A44F2127E6521700604026 /* SceneDelegate.swift in Sources */ = {isa = PBXBuildFile; fileRef = B5A44F2027E6521700604026 /* SceneDelegate.swift */; };
		B5A44F2327E6521700604026 /* ViewController.swift in Sources */ = {isa = PBXBuildFile; fileRef = B5A44F2227E6521700604026 /* ViewController.swift */; };
		B5A44F2827E6521800604026 /* Assets.xcassets in Resources */ = {isa = PBXBuildFile; fileRef = B5A44F2727E6521800604026 /* Assets.xcassets */; };
		B5A44F2B27E6521800604026 /* LaunchScreen.storyboard in Resources */ = {isa = PBXBuildFile; fileRef = B5A44F2927E6521800604026 /* LaunchScreen.storyboard */; };
		B5A44F3327E652BE00604026 /* Main.storyboard in Resources */ = {isa = PBXBuildFile; fileRef = B5A44F3227E652BE00604026 /* Main.storyboard */; };
/* End PBXBuildFile section */

/* Begin PBXFileReference section */
		B5231A5E27E715DA0098618A /* Cards.swift */ = {isa = PBXFileReference; lastKnownFileType = sourcecode.swift; path = Cards.swift; sourceTree = "<group>"; };
		B5231A6227E71EFB0098618A /* CardDeck.swift */ = {isa = PBXFileReference; lastKnownFileType = sourcecode.swift; path = CardDeck.swift; sourceTree = "<group>"; };
		B5231A8C27EE2ACE0098618A /* PlayingCardsViewButton.swift */ = {isa = PBXFileReference; lastKnownFileType = sourcecode.swift; path = PlayingCardsViewButton.swift; sourceTree = "<group>"; };
		B56A3D4E27F0EBB700AC6B4C /* GameSet.swift */ = {isa = PBXFileReference; lastKnownFileType = sourcecode.swift; path = GameSet.swift; sourceTree = "<group>"; };
		B5A44F1B27E6521700604026 /* gameSet.app */ = {isa = PBXFileReference; explicitFileType = wrapper.application; includeInIndex = 0; path = gameSet.app; sourceTree = BUILT_PRODUCTS_DIR; };
		B5A44F1E27E6521700604026 /* AppDelegate.swift */ = {isa = PBXFileReference; lastKnownFileType = sourcecode.swift; path = AppDelegate.swift; sourceTree = "<group>"; };
		B5A44F2027E6521700604026 /* SceneDelegate.swift */ = {isa = PBXFileReference; lastKnownFileType = sourcecode.swift; path = SceneDelegate.swift; sourceTree = "<group>"; };
		B5A44F2227E6521700604026 /* ViewController.swift */ = {isa = PBXFileReference; lastKnownFileType = sourcecode.swift; path = ViewController.swift; sourceTree = "<group>"; };
		B5A44F2727E6521800604026 /* Assets.xcassets */ = {isa = PBXFileReference; lastKnownFileType = folder.assetcatalog; path = Assets.xcassets; sourceTree = "<group>"; };
		B5A44F2A27E6521800604026 /* Base */ = {isa = PBXFileReference; lastKnownFileType = file.storyboard; name = Base; path = Base.lproj/LaunchScreen.storyboard; sourceTree = "<group>"; };
		B5A44F2C27E6521800604026 /* Info.plist */ = {isa = PBXFileReference; lastKnownFileType = text.plist.xml; path = Info.plist; sourceTree = "<group>"; };
		B5A44F3227E652BE00604026 /* Main.storyboard */ = {isa = PBXFileReference; fileEncoding = 4; lastKnownFileType = file.storyboard; path = Main.storyboard; sourceTree = "<group>"; };
/* End PBXFileReference section */

/* Begin PBXFrameworksBuildPhase section */
		B5A44F1827E6521700604026 /* Frameworks */ = {
			isa = PBXFrameworksBuildPhase;
			buildActionMask = 2147483647;
			files = (
			);
			runOnlyForDeploymentPostprocessing = 0;
		};
/* End PBXFrameworksBuildPhase section */

/* Begin PBXGroup section */
		B5A44F1227E6521700604026 = {
			isa = PBXGroup;
			children = (
				B5A44F1D27E6521700604026 /* gameSet */,
				B5A44F1C27E6521700604026 /* Products */,
			);
			sourceTree = "<group>";
		};
		B5A44F1C27E6521700604026 /* Products */ = {
			isa = PBXGroup;
			children = (
				B5A44F1B27E6521700604026 /* gameSet.app */,
			);
			name = Products;
			sourceTree = "<group>";
		};
		B5A44F1D27E6521700604026 /* gameSet */ = {
			isa = PBXGroup;
			children = (
				B5D0A8A127FA35E700DDE953 /* Supporting Files */,
				B5A44F2927E6521800604026 /* LaunchScreen.storyboard */,
				B5A44F3227E652BE00604026 /* Main.storyboard */,
				B5A44F2C27E6521800604026 /* Info.plist */,
				B5A44F1E27E6521700604026 /* AppDelegate.swift */,
				B5A44F2027E6521700604026 /* SceneDelegate.swift */,
				B5231A8C27EE2ACE0098618A /* PlayingCardsViewButton.swift */,
				B5231A6227E71EFB0098618A /* CardDeck.swift */,
				B56A3D4E27F0EBB700AC6B4C /* GameSet.swift */,
				B5231A5E27E715DA0098618A /* Cards.swift */,
				B5A44F2227E6521700604026 /* ViewController.swift */,
			);
			path = gameSet;
			sourceTree = "<group>";
		};
		B5D0A8A127FA35E700DDE953 /* Supporting Files */ = {
			isa = PBXGroup;
			children = (
				B5A44F2727E6521800604026 /* Assets.xcassets */,
			);
			path = "Supporting Files";
			sourceTree = "<group>";
		};
/* End PBXGroup section */

/* Begin PBXNativeTarget section */
		B5A44F1A27E6521700604026 /* gameSet */ = {
			isa = PBXNativeTarget;
			buildConfigurationList = B5A44F2F27E6521800604026 /* Build configuration list for PBXNativeTarget "gameSet" */;
			buildPhases = (
				B5A44F1727E6521700604026 /* Sources */,
				B5A44F1827E6521700604026 /* Frameworks */,
				B5A44F1927E6521700604026 /* Resources */,
				B5D0A89E27FA2DE600DDE953 /* ShellScript */,
			);
			buildRules = (
			);
			dependencies = (
			);
			name = gameSet;
			productName = gameSet;
			productReference = B5A44F1B27E6521700604026 /* gameSet.app */;
			productType = "com.apple.product-type.application";
		};
/* End PBXNativeTarget section */

/* Begin PBXProject section */
		B5A44F1327E6521700604026 /* Project object */ = {
			isa = PBXProject;
			attributes = {
				BuildIndependentTargetsInParallel = 1;
				LastSwiftUpdateCheck = 1320;
				LastUpgradeCheck = 1320;
				TargetAttributes = {
					B5A44F1A27E6521700604026 = {
						CreatedOnToolsVersion = 13.2.1;
					};
				};
			};
			buildConfigurationList = B5A44F1627E6521700604026 /* Build configuration list for PBXProject "gameSet" */;
			compatibilityVersion = "Xcode 13.0";
			developmentRegion = en;
			hasScannedForEncodings = 0;
			knownRegions = (
				en,
				Base,
			);
			mainGroup = B5A44F1227E6521700604026;
			productRefGroup = B5A44F1C27E6521700604026 /* Products */;
			projectDirPath = "";
			projectRoot = "";
			targets = (
				B5A44F1A27E6521700604026 /* gameSet */,
			);
		};
/* End PBXProject section */

/* Begin PBXResourcesBuildPhase section */
		B5A44F1927E6521700604026 /* Resources */ = {
			isa = PBXResourcesBuildPhase;
			buildActionMask = 2147483647;
			files = (
				B5A44F2B27E6521800604026 /* LaunchScreen.storyboard in Resources */,
				B5A44F2827E6521800604026 /* Assets.xcassets in Resources */,
				B5A44F3327E652BE00604026 /* Main.storyboard in Resources */,
			);
			runOnlyForDeploymentPostprocessing = 0;
		};
/* End PBXResourcesBuildPhase section */

/* Begin PBXShellScriptBuildPhase section */
		B5D0A89E27FA2DE600DDE953 /* ShellScript */ = {
			isa = PBXShellScriptBuildPhase;
			buildActionMask = 2147483647;
			files = (
			);
			inputFileListPaths = (
			);
			inputPaths = (
			);
			outputFileListPaths = (
			);
			outputPaths = (
			);
			runOnlyForDeploymentPostprocessing = 0;
			shellPath = /bin/sh;
			shellScript = "if which swiftlint >/dev/null; then\n  swiftlint autocorrect\nelse\n  echo \"error: SwiftLint does not exist, download it from https://github.com/realm/SwiftLint\"\n  exit 1\nfi\n";
		};
/* End PBXShellScriptBuildPhase section */

/* Begin PBXSourcesBuildPhase section */
		B5A44F1727E6521700604026 /* Sources */ = {
			isa = PBXSourcesBuildPhase;
			buildActionMask = 2147483647;
			files = (
				B56A3D4F27F0EBB700AC6B4C /* GameSet.swift in Sources */,
				B5A44F2327E6521700604026 /* ViewController.swift in Sources */,
				B5231A6327E71EFB0098618A /* CardDeck.swift in Sources */,
				B5231A8D27EE2ACE0098618A /* PlayingCardsViewButton.swift in Sources */,
				B5A44F1F27E6521700604026 /* AppDelegate.swift in Sources */,
				B5A44F2127E6521700604026 /* SceneDelegate.swift in Sources */,
				B5231A5F27E715DA0098618A /* Cards.swift in Sources */,
			);
			runOnlyForDeploymentPostprocessing = 0;
		};
/* End PBXSourcesBuildPhase section */

/* Begin PBXVariantGroup section */
		B5A44F2927E6521800604026 /* LaunchScreen.storyboard */ = {
			isa = PBXVariantGroup;
			children = (
				B5A44F2A27E6521800604026 /* Base */,
			);
			name = LaunchScreen.storyboard;
			sourceTree = "<group>";
		};
/* End PBXVariantGroup section */

/* Begin XCBuildConfiguration section */
		B5A44F2D27E6521800604026 /* Debug */ = {
			isa = XCBuildConfiguration;
			buildSettings = {
				ALWAYS_SEARCH_USER_PATHS = NO;
				CLANG_ANALYZER_NONNULL = YES;
				CLANG_ANALYZER_NUMBER_OBJECT_CONVERSION = YES_AGGRESSIVE;
				CLANG_CXX_LANGUAGE_STANDARD = "gnu++17";
				CLANG_CXX_LIBRARY = "libc++";
				CLANG_ENABLE_MODULES = YES;
				CLANG_ENABLE_OBJC_ARC = YES;
				CLANG_ENABLE_OBJC_WEAK = YES;
				CLANG_WARN_BLOCK_CAPTURE_AUTORELEASING = YES;
				CLANG_WARN_BOOL_CONVERSION = YES;
				CLANG_WARN_COMMA = YES;
				CLANG_WARN_CONSTANT_CONVERSION = YES;
				CLANG_WARN_DEPRECATED_OBJC_IMPLEMENTATIONS = YES;
				CLANG_WARN_DIRECT_OBJC_ISA_USAGE = YES_ERROR;
				CLANG_WARN_DOCUMENTATION_COMMENTS = YES;
				CLANG_WARN_EMPTY_BODY = YES;
				CLANG_WARN_ENUM_CONVERSION = YES;
				CLANG_WARN_INFINITE_RECURSION = YES;
				CLANG_WARN_INT_CONVERSION = YES;
				CLANG_WARN_NON_LITERAL_NULL_CONVERSION = YES;
				CLANG_WARN_OBJC_IMPLICIT_RETAIN_SELF = YES;
				CLANG_WARN_OBJC_LITERAL_CONVERSION = YES;
				CLANG_WARN_OBJC_ROOT_CLASS = YES_ERROR;
				CLANG_WARN_QUOTED_INCLUDE_IN_FRAMEWORK_HEADER = YES;
				CLANG_WARN_RANGE_LOOP_ANALYSIS = YES;
				CLANG_WARN_STRICT_PROTOTYPES = YES;
				CLANG_WARN_SUSPICIOUS_MOVE = YES;
				CLANG_WARN_UNGUARDED_AVAILABILITY = YES_AGGRESSIVE;
				CLANG_WARN_UNREACHABLE_CODE = YES;
				CLANG_WARN__DUPLICATE_METHOD_MATCH = YES;
				COPY_PHASE_STRIP = NO;
				DEBUG_INFORMATION_FORMAT = dwarf;
				ENABLE_STRICT_OBJC_MSGSEND = YES;
				ENABLE_TESTABILITY = YES;
				GCC_C_LANGUAGE_STANDARD = gnu11;
				GCC_DYNAMIC_NO_PIC = NO;
				GCC_NO_COMMON_BLOCKS = YES;
				GCC_OPTIMIZATION_LEVEL = 0;
				GCC_PREPROCESSOR_DEFINITIONS = (
					"DEBUG=1",
					"$(inherited)",
				);
				GCC_WARN_64_TO_32_BIT_CONVERSION = YES;
				GCC_WARN_ABOUT_RETURN_TYPE = YES_ERROR;
				GCC_WARN_UNDECLARED_SELECTOR = YES;
				GCC_WARN_UNINITIALIZED_AUTOS = YES_AGGRESSIVE;
				GCC_WARN_UNUSED_FUNCTION = YES;
				GCC_WARN_UNUSED_VARIABLE = YES;
				IPHONEOS_DEPLOYMENT_TARGET = 15.2;
				MTL_ENABLE_DEBUG_INFO = INCLUDE_SOURCE;
				MTL_FAST_MATH = YES;
				ONLY_ACTIVE_ARCH = YES;
				SDKROOT = iphoneos;
				SWIFT_ACTIVE_COMPILATION_CONDITIONS = DEBUG;
				SWIFT_OPTIMIZATION_LEVEL = "-Onone";
			};
			name = Debug;
		};
		B5A44F2E27E6521800604026 /* Release */ = {
			isa = XCBuildConfiguration;
			buildSettings = {
				ALWAYS_SEARCH_USER_PATHS = NO;
				CLANG_ANALYZER_NONNULL = YES;
				CLANG_ANALYZER_NUMBER_OBJECT_CONVERSION = YES_AGGRESSIVE;
				CLANG_CXX_LANGUAGE_STANDARD = "gnu++17";
				CLANG_CXX_LIBRARY = "libc++";
				CLANG_ENABLE_MODULES = YES;
				CLANG_ENABLE_OBJC_ARC = YES;
				CLANG_ENABLE_OBJC_WEAK = YES;
				CLANG_WARN_BLOCK_CAPTURE_AUTORELEASING = YES;
				CLANG_WARN_BOOL_CONVERSION = YES;
				CLANG_WARN_COMMA = YES;
				CLANG_WARN_CONSTANT_CONVERSION = YES;
				CLANG_WARN_DEPRECATED_OBJC_IMPLEMENTATIONS = YES;
				CLANG_WARN_DIRECT_OBJC_ISA_USAGE = YES_ERROR;
				CLANG_WARN_DOCUMENTATION_COMMENTS = YES;
				CLANG_WARN_EMPTY_BODY = YES;
				CLANG_WARN_ENUM_CONVERSION = YES;
				CLANG_WARN_INFINITE_RECURSION = YES;
				CLANG_WARN_INT_CONVERSION = YES;
				CLANG_WARN_NON_LITERAL_NULL_CONVERSION = YES;
				CLANG_WARN_OBJC_IMPLICIT_RETAIN_SELF = YES;
				CLANG_WARN_OBJC_LITERAL_CONVERSION = YES;
				CLANG_WARN_OBJC_ROOT_CLASS = YES_ERROR;
				CLANG_WARN_QUOTED_INCLUDE_IN_FRAMEWORK_HEADER = YES;
				CLANG_WARN_RANGE_LOOP_ANALYSIS = YES;
				CLANG_WARN_STRICT_PROTOTYPES = YES;
				CLANG_WARN_SUSPICIOUS_MOVE = YES;
				CLANG_WARN_UNGUARDED_AVAILABILITY = YES_AGGRESSIVE;
				CLANG_WARN_UNREACHABLE_CODE = YES;
				CLANG_WARN__DUPLICATE_METHOD_MATCH = YES;
				COPY_PHASE_STRIP = NO;
				DEBUG_INFORMATION_FORMAT = "dwarf-with-dsym";
				ENABLE_NS_ASSERTIONS = NO;
				ENABLE_STRICT_OBJC_MSGSEND = YES;
				GCC_C_LANGUAGE_STANDARD = gnu11;
				GCC_NO_COMMON_BLOCKS = YES;
				GCC_WARN_64_TO_32_BIT_CONVERSION = YES;
				GCC_WARN_ABOUT_RETURN_TYPE = YES_ERROR;
				GCC_WARN_UNDECLARED_SELECTOR = YES;
				GCC_WARN_UNINITIALIZED_AUTOS = YES_AGGRESSIVE;
				GCC_WARN_UNUSED_FUNCTION = YES;
				GCC_WARN_UNUSED_VARIABLE = YES;
				IPHONEOS_DEPLOYMENT_TARGET = 15.2;
				MTL_ENABLE_DEBUG_INFO = NO;
				MTL_FAST_MATH = YES;
				SDKROOT = iphoneos;
				SWIFT_COMPILATION_MODE = wholemodule;
				SWIFT_OPTIMIZATION_LEVEL = "-O";
				VALIDATE_PRODUCT = YES;
			};
			name = Release;
		};
		B5A44F3027E6521800604026 /* Debug */ = {
			isa = XCBuildConfiguration;
			buildSettings = {
				ASSETCATALOG_COMPILER_APPICON_NAME = AppIcon;
				ASSETCATALOG_COMPILER_GLOBAL_ACCENT_COLOR_NAME = AccentColor;
				CODE_SIGN_STYLE = Automatic;
				CURRENT_PROJECT_VERSION = 1;
				GENERATE_INFOPLIST_FILE = YES;
				INFOPLIST_FILE = gameSet/Info.plist;
				INFOPLIST_KEY_UIApplicationSupportsIndirectInputEvents = YES;
				INFOPLIST_KEY_UILaunchStoryboardName = LaunchScreen;
				INFOPLIST_KEY_UIMainStoryboardFile = Main;
				INFOPLIST_KEY_UISupportedInterfaceOrientations_iPad = "UIInterfaceOrientationPortrait UIInterfaceOrientationPortraitUpsideDown UIInterfaceOrientationLandscapeLeft UIInterfaceOrientationLandscapeRight";
				INFOPLIST_KEY_UISupportedInterfaceOrientations_iPhone = "UIInterfaceOrientationPortrait UIInterfaceOrientationLandscapeLeft UIInterfaceOrientationLandscapeRight";
				LD_RUNPATH_SEARCH_PATHS = (
					"$(inherited)",
					"@executable_path/Frameworks",
				);
				MARKETING_VERSION = 1.0;
				PRODUCT_BUNDLE_IDENTIFIER = "-.gameSet";
				PRODUCT_NAME = "$(TARGET_NAME)";
				SWIFT_EMIT_LOC_STRINGS = YES;
				SWIFT_VERSION = 5.0;
				TARGETED_DEVICE_FAMILY = "1,2";
			};
			name = Debug;
		};
		B5A44F3127E6521800604026 /* Release */ = {
			isa = XCBuildConfiguration;
			buildSettings = {
				ASSETCATALOG_COMPILER_APPICON_NAME = AppIcon;
				ASSETCATALOG_COMPILER_GLOBAL_ACCENT_COLOR_NAME = AccentColor;
				CODE_SIGN_STYLE = Automatic;
				CURRENT_PROJECT_VERSION = 1;
				GENERATE_INFOPLIST_FILE = YES;
				INFOPLIST_FILE = gameSet/Info.plist;
				INFOPLIST_KEY_UIApplicationSupportsIndirectInputEvents = YES;
				INFOPLIST_KEY_UILaunchStoryboardName = LaunchScreen;
				INFOPLIST_KEY_UIMainStoryboardFile = Main;
				INFOPLIST_KEY_UISupportedInterfaceOrientations_iPad = "UIInterfaceOrientationPortrait UIInterfaceOrientationPortraitUpsideDown UIInterfaceOrientationLandscapeLeft UIInterfaceOrientationLandscapeRight";
				INFOPLIST_KEY_UISupportedInterfaceOrientations_iPhone = "UIInterfaceOrientationPortrait UIInterfaceOrientationLandscapeLeft UIInterfaceOrientationLandscapeRight";
				LD_RUNPATH_SEARCH_PATHS = (
					"$(inherited)",
					"@executable_path/Frameworks",
				);
				MARKETING_VERSION = 1.0;
				PRODUCT_BUNDLE_IDENTIFIER = "-.gameSet";
				PRODUCT_NAME = "$(TARGET_NAME)";
				SWIFT_EMIT_LOC_STRINGS = YES;
				SWIFT_VERSION = 5.0;
				TARGETED_DEVICE_FAMILY = "1,2";
			};
			name = Release;
		};
/* End XCBuildConfiguration section */

/* Begin XCConfigurationList section */
		B5A44F1627E6521700604026 /* Build configuration list for PBXProject "gameSet" */ = {
			isa = XCConfigurationList;
			buildConfigurations = (
				B5A44F2D27E6521800604026 /* Debug */,
				B5A44F2E27E6521800604026 /* Release */,
			);
			defaultConfigurationIsVisible = 0;
			defaultConfigurationName = Release;
		};
		B5A44F2F27E6521800604026 /* Build configuration list for PBXNativeTarget "gameSet" */ = {
			isa = XCConfigurationList;
			buildConfigurations = (
				B5A44F3027E6521800604026 /* Debug */,
				B5A44F3127E6521800604026 /* Release */,
			);
			defaultConfigurationIsVisible = 0;
			defaultConfigurationName = Release;
		};
/* End XCConfigurationList section */
	};
	rootObject = B5A44F1327E6521700604026 /* Project object */;
}
